
Microsoft Visual Studio Solution File, Format Version 12.00
# Visual Studio Version 17
VisualStudioVersion = 17.6.33513.286
MinimumVisualStudioVersion = 10.0.40219.1
Project("{2150E333-8FDC-42A3-9474-1A3956D46DE8}") = "解决方案", "解决方案", "{A2F84A2F-D6E4-478F-8E62-8EEA9FAFFF02}"
	ProjectSection(SolutionItems) = preProject
		.gitlab-ci.yml = .gitlab-ci.yml
		Dockerfile = Dockerfile
	EndProjectSection
EndProject
Project("{9A19103F-16F7-4668-BE54-9A1E7A4F7556}") = "OpenTask.Client", "OpenTask.Client\OpenTask.Client.csproj", "{482949C3-446D-4BEA-B6A7-E1ED9D8616B1}"
EndProject
Project("{9A19103F-16F7-4668-BE54-9A1E7A4F7556}") = "OpenTask.Core", "OpenTask.Core\OpenTask.Core.csproj", "{B47892D1-B8C6-42B6-B10F-CCE686D80D7E}"
EndProject
Project("{9A19103F-16F7-4668-BE54-9A1E7A4F7556}") = "OpenTask.Entity", "OpenTask.Entity\OpenTask.Entity.csproj", "{7270024A-52CB-4EB6-B6DC-705BF6208B0B}"
EndProject
Project("{9A19103F-16F7-4668-BE54-9A1E7A4F7556}") = "OpenTask.Master", "OpenTask.Master\OpenTask.Master.csproj", "{6750C377-889A-487E-8EEA-32D66B3E036D}"
EndProject
Project("{9A19103F-16F7-4668-BE54-9A1E7A4F7556}") = "OpenTask.Service", "OpenTask.Service\OpenTask.Service.csproj", "{C525A1A8-D27C-4B57-B7E9-9AD1CA37D675}"
EndProject
Global
	GlobalSection(SolutionConfigurationPlatforms) = preSolution
		Debug|Any CPU = Debug|Any CPU
		Release|Any CPU = Release|Any CPU
	EndGlobalSection
	GlobalSection(ProjectConfigurationPlatforms) = postSolution
		{482949C3-446D-4BEA-B6A7-E1ED9D8616B1}.Debug|Any CPU.ActiveCfg = Debug|Any CPU
		{482949C3-446D-4BEA-B6A7-E1ED9D8616B1}.Debug|Any CPU.Build.0 = Debug|Any CPU
		{482949C3-446D-4BEA-B6A7-E1ED9D8616B1}.Release|Any CPU.ActiveCfg = Release|Any CPU
		{482949C3-446D-4BEA-B6A7-E1ED9D8616B1}.Release|Any CPU.Build.0 = Release|Any CPU
		{B47892D1-B8C6-42B6-B10F-CCE686D80D7E}.Debug|Any CPU.ActiveCfg = Debug|Any CPU
		{B47892D1-B8C6-42B6-B10F-CCE686D80D7E}.Debug|Any CPU.Build.0 = Debug|Any CPU
		{B47892D1-B8C6-42B6-B10F-CCE686D80D7E}.Release|Any CPU.ActiveCfg = Release|Any CPU
		{B47892D1-B8C6-42B6-B10F-CCE686D80D7E}.Release|Any CPU.Build.0 = Release|Any CPU
		{7270024A-52CB-4EB6-B6DC-705BF6208B0B}.Debug|Any CPU.ActiveCfg = Debug|Any CPU
		{7270024A-52CB-4EB6-B6DC-705BF6208B0B}.Debug|Any CPU.Build.0 = Debug|Any CPU
		{7270024A-52CB-4EB6-B6DC-705BF6208B0B}.Release|Any CPU.ActiveCfg = Release|Any CPU
		{7270024A-52CB-4EB6-B6DC-705BF6208B0B}.Release|Any CPU.Build.0 = Release|Any CPU
		{6750C377-889A-487E-8EEA-32D66B3E036D}.Debug|Any CPU.ActiveCfg = Debug|Any CPU
		{6750C377-889A-487E-8EEA-32D66B3E036D}.Debug|Any CPU.Build.0 = Debug|Any CPU
		{6750C377-889A-487E-8EEA-32D66B3E036D}.Release|Any CPU.ActiveCfg = Release|Any CPU
		{6750C377-889A-487E-8EEA-32D66B3E036D}.Release|Any CPU.Build.0 = Release|Any CPU
		{C525A1A8-D27C-4B57-B7E9-9AD1CA37D675}.Debug|Any CPU.ActiveCfg = Debug|Any CPU
		{C525A1A8-D27C-4B57-B7E9-9AD1CA37D675}.Debug|Any CPU.Build.0 = Debug|Any CPU
		{C525A1A8-D27C-4B57-B7E9-9AD1CA37D675}.Release|Any CPU.ActiveCfg = Release|Any CPU
		{C525A1A8-D27C-4B57-B7E9-9AD1CA37D675}.Release|Any CPU.Build.0 = Release|Any CPU
	EndGlobalSection
	GlobalSection(SolutionProperties) = preSolution
		HideSolutionNode = FALSE
	EndGlobalSection
	GlobalSection(ExtensibilityGlobals) = postSolution
		SolutionGuid = {D01DB5D8-DA9A-4994-842B-BF48182C5C27}
	EndGlobalSection
EndGlobal
