
Microsoft Visual Studio Solution File, Format Version 12.00
# Visual Studio Version 17
VisualStudioVersion = 17.6.33513.286
MinimumVisualStudioVersion = 10.0.40219.1
Project("{9A19103F-16F7-4668-BE54-9A1E7A4F7556}") = "Scheduler.Client", "SchedulerClient\Scheduler.Client.csproj", "{6367FA3F-4C49-4D2A-81AE-4E39E3B498B6}"
EndProject
Project("{9A19103F-16F7-4668-BE54-9A1E7A4F7556}") = "Scheduler.Core", "Scheduler.Core\Scheduler.Core.csproj", "{28241F1B-BA72-4DF4-9938-A5ABF96B80B9}"
EndProject
Project("{9A19103F-16F7-4668-BE54-9A1E7A4F7556}") = "Scheduler.Master", "Scheduler.Master\Scheduler.Master.csproj", "{4553C65F-562D-4D56-887B-29133D3FB0B8}"
EndProject
Project("{9A19103F-16F7-4668-BE54-9A1E7A4F7556}") = "Scheduler.Entity", "Scheduler.Entity\Scheduler.Entity.csproj", "{A474A65A-EB39-45B1-95C6-715180209DDE}"
EndProject
Project("{9A19103F-16F7-4668-BE54-9A1E7A4F7556}") = "Scheduler.Service", "Scheduler.Service\Scheduler.Service.csproj", "{BC63E330-A837-460E-8A49-8910D4360677}"
EndProject
Project("{2150E333-8FDC-42A3-9474-1A3956D46DE8}") = "解决方案", "解决方案", "{A2F84A2F-D6E4-478F-8E62-8EEA9FAFFF02}"
	ProjectSection(SolutionItems) = preProject
		.gitlab-ci.yml = .gitlab-ci.yml
		Dockerfile = Dockerfile
	EndProjectSection
EndProject
Global
	GlobalSection(SolutionConfigurationPlatforms) = preSolution
		Debug|Any CPU = Debug|Any CPU
		Release|Any CPU = Release|Any CPU
	EndGlobalSection
	GlobalSection(ProjectConfigurationPlatforms) = postSolution
		{6367FA3F-4C49-4D2A-81AE-4E39E3B498B6}.Debug|Any CPU.ActiveCfg = Debug|Any CPU
		{6367FA3F-4C49-4D2A-81AE-4E39E3B498B6}.Debug|Any CPU.Build.0 = Debug|Any CPU
		{6367FA3F-4C49-4D2A-81AE-4E39E3B498B6}.Release|Any CPU.ActiveCfg = Release|Any CPU
		{6367FA3F-4C49-4D2A-81AE-4E39E3B498B6}.Release|Any CPU.Build.0 = Release|Any CPU
		{28241F1B-BA72-4DF4-9938-A5ABF96B80B9}.Debug|Any CPU.ActiveCfg = Debug|Any CPU
		{28241F1B-BA72-4DF4-9938-A5ABF96B80B9}.Debug|Any CPU.Build.0 = Debug|Any CPU
		{28241F1B-BA72-4DF4-9938-A5ABF96B80B9}.Release|Any CPU.ActiveCfg = Release|Any CPU
		{28241F1B-BA72-4DF4-9938-A5ABF96B80B9}.Release|Any CPU.Build.0 = Release|Any CPU
		{4553C65F-562D-4D56-887B-29133D3FB0B8}.Debug|Any CPU.ActiveCfg = Debug|Any CPU
		{4553C65F-562D-4D56-887B-29133D3FB0B8}.Debug|Any CPU.Build.0 = Debug|Any CPU
		{4553C65F-562D-4D56-887B-29133D3FB0B8}.Release|Any CPU.ActiveCfg = Release|Any CPU
		{4553C65F-562D-4D56-887B-29133D3FB0B8}.Release|Any CPU.Build.0 = Release|Any CPU
		{A474A65A-EB39-45B1-95C6-715180209DDE}.Debug|Any CPU.ActiveCfg = Debug|Any CPU
		{A474A65A-EB39-45B1-95C6-715180209DDE}.Debug|Any CPU.Build.0 = Debug|Any CPU
		{A474A65A-EB39-45B1-95C6-715180209DDE}.Release|Any CPU.ActiveCfg = Release|Any CPU
		{A474A65A-EB39-45B1-95C6-715180209DDE}.Release|Any CPU.Build.0 = Release|Any CPU
		{BC63E330-A837-460E-8A49-8910D4360677}.Debug|Any CPU.ActiveCfg = Debug|Any CPU
		{BC63E330-A837-460E-8A49-8910D4360677}.Debug|Any CPU.Build.0 = Debug|Any CPU
		{BC63E330-A837-460E-8A49-8910D4360677}.Release|Any CPU.ActiveCfg = Release|Any CPU
		{BC63E330-A837-460E-8A49-8910D4360677}.Release|Any CPU.Build.0 = Release|Any CPU
	EndGlobalSection
	GlobalSection(SolutionProperties) = preSolution
		HideSolutionNode = FALSE
	EndGlobalSection
	GlobalSection(ExtensibilityGlobals) = postSolution
		SolutionGuid = {D01DB5D8-DA9A-4994-842B-BF48182C5C27}
	EndGlobalSection
EndGlobal
